
Microsoft Visual Studio Solution File, Format Version 12.00
Project("{FAE04EC0-301F-11D3-BF4B-00C04F79EFBC}") = "ChatGptImageProcessor", "ChatGptImageProcessor\ChatGptImageProcessor.csproj", "{132EE2D4-8B9C-4BF0-B274-A3B1901FF347}"
EndProject
Global
	GlobalSection(SolutionConfigurationPlatforms) = preSolution
		Debug|Any CPU = Debug|Any CPU
		Release|Any CPU = Release|Any CPU
	EndGlobalSection
	GlobalSection(ProjectConfigurationPlatforms) = postSolution
		{132EE2D4-8B9C-4BF0-B274-A3B1901FF347}.Debug|Any CPU.ActiveCfg = Debug|Any CPU
		{132EE2D4-8B9C-4BF0-B274-A3B1901FF347}.Debug|Any CPU.Build.0 = Debug|Any CPU
		{132EE2D4-8B9C-4BF0-B274-A3B1901FF347}.Release|Any CPU.ActiveCfg = Release|Any CPU
		{132EE2D4-8B9C-4BF0-B274-A3B1901FF347}.Release|Any CPU.Build.0 = Release|Any CPU
	EndGlobalSection
EndGlobal
